
Microsoft Visual Studio Solution File, Format Version 12.00
Project("{FAE04EC0-301F-11D3-BF4B-00C04F79EFBC}") = "FixBadSmartlearnCode3", "FixBadSmartlearnCode3\FixBadSmartlearnCode3.csproj", "{00AD7EDD-4489-4E07-8B6E-505AF5789FEE}"
EndProject
Global
	GlobalSection(SolutionConfigurationPlatforms) = preSolution
		Debug|Any CPU = Debug|Any CPU
		Release|Any CPU = Release|Any CPU
	EndGlobalSection
	GlobalSection(ProjectConfigurationPlatforms) = postSolution
		{00AD7EDD-4489-4E07-8B6E-505AF5789FEE}.Debug|Any CPU.ActiveCfg = Debug|Any CPU
		{00AD7EDD-4489-4E07-8B6E-505AF5789FEE}.Debug|Any CPU.Build.0 = Debug|Any CPU
		{00AD7EDD-4489-4E07-8B6E-505AF5789FEE}.Release|Any CPU.ActiveCfg = Release|Any CPU
		{00AD7EDD-4489-4E07-8B6E-505AF5789FEE}.Release|Any CPU.Build.0 = Release|Any CPU
	EndGlobalSection
EndGlobal
