
Microsoft Visual Studio Solution File, Format Version 12.00
Project("{FAE04EC0-301F-11D3-BF4B-00C04F79EFBC}") = "MasterTask4.3.3", "MasterTask4.3.3\MasterTask4.3.3.csproj", "{6EAF844F-A57C-43D8-9E76-5B89DC4637C2}"
EndProject
Global
	GlobalSection(SolutionConfigurationPlatforms) = preSolution
		Debug|Any CPU = Debug|Any CPU
		Release|Any CPU = Release|Any CPU
	EndGlobalSection
	GlobalSection(ProjectConfigurationPlatforms) = postSolution
		{6EAF844F-A57C-43D8-9E76-5B89DC4637C2}.Debug|Any CPU.ActiveCfg = Debug|Any CPU
		{6EAF844F-A57C-43D8-9E76-5B89DC4637C2}.Debug|Any CPU.Build.0 = Debug|Any CPU
		{6EAF844F-A57C-43D8-9E76-5B89DC4637C2}.Release|Any CPU.ActiveCfg = Release|Any CPU
		{6EAF844F-A57C-43D8-9E76-5B89DC4637C2}.Release|Any CPU.Build.0 = Release|Any CPU
	EndGlobalSection
EndGlobal
