
Microsoft Visual Studio Solution File, Format Version 12.00
Project("{FAE04EC0-301F-11D3-BF4B-00C04F79EFBC}") = "MasterTask2.5.2", "MasterTask2.5.2\MasterTask2.5.2.csproj", "{1A547C1E-0AC8-4A8A-84B8-3F99586D989B}"
EndProject
Global
	GlobalSection(SolutionConfigurationPlatforms) = preSolution
		Debug|Any CPU = Debug|Any CPU
		Release|Any CPU = Release|Any CPU
	EndGlobalSection
	GlobalSection(ProjectConfigurationPlatforms) = postSolution
		{1A547C1E-0AC8-4A8A-84B8-3F99586D989B}.Debug|Any CPU.ActiveCfg = Debug|Any CPU
		{1A547C1E-0AC8-4A8A-84B8-3F99586D989B}.Debug|Any CPU.Build.0 = Debug|Any CPU
		{1A547C1E-0AC8-4A8A-84B8-3F99586D989B}.Release|Any CPU.ActiveCfg = Release|Any CPU
		{1A547C1E-0AC8-4A8A-84B8-3F99586D989B}.Release|Any CPU.Build.0 = Release|Any CPU
	EndGlobalSection
EndGlobal
