
Microsoft Visual Studio Solution File, Format Version 12.00
Project("{FAE04EC0-301F-11D3-BF4B-00C04F79EFBC}") = "testSmartlearnCode", "testSmartlearnCode\testSmartlearnCode.csproj", "{C8AB5A68-733E-47C2-90A8-C8835AF0A587}"
EndProject
Global
	GlobalSection(SolutionConfigurationPlatforms) = preSolution
		Debug|Any CPU = Debug|Any CPU
		Release|Any CPU = Release|Any CPU
	EndGlobalSection
	GlobalSection(ProjectConfigurationPlatforms) = postSolution
		{C8AB5A68-733E-47C2-90A8-C8835AF0A587}.Debug|Any CPU.ActiveCfg = Debug|Any CPU
		{C8AB5A68-733E-47C2-90A8-C8835AF0A587}.Debug|Any CPU.Build.0 = Debug|Any CPU
		{C8AB5A68-733E-47C2-90A8-C8835AF0A587}.Release|Any CPU.ActiveCfg = Release|Any CPU
		{C8AB5A68-733E-47C2-90A8-C8835AF0A587}.Release|Any CPU.Build.0 = Release|Any CPU
	EndGlobalSection
EndGlobal
