
Microsoft Visual Studio Solution File, Format Version 12.00
Project("{FAE04EC0-301F-11D3-BF4B-00C04F79EFBC}") = "MasterTask2.5.1", "MasterTask2.5.1\MasterTask2.5.1.csproj", "{17CE9E3D-6974-475C-BD7F-0DCD9E20DF0E}"
EndProject
Global
	GlobalSection(SolutionConfigurationPlatforms) = preSolution
		Debug|Any CPU = Debug|Any CPU
		Release|Any CPU = Release|Any CPU
	EndGlobalSection
	GlobalSection(ProjectConfigurationPlatforms) = postSolution
		{17CE9E3D-6974-475C-BD7F-0DCD9E20DF0E}.Debug|Any CPU.ActiveCfg = Debug|Any CPU
		{17CE9E3D-6974-475C-BD7F-0DCD9E20DF0E}.Debug|Any CPU.Build.0 = Debug|Any CPU
		{17CE9E3D-6974-475C-BD7F-0DCD9E20DF0E}.Release|Any CPU.ActiveCfg = Release|Any CPU
		{17CE9E3D-6974-475C-BD7F-0DCD9E20DF0E}.Release|Any CPU.Build.0 = Release|Any CPU
	EndGlobalSection
EndGlobal
